<?xml version="1.0" encoding="utf-8"?>
<Project ToolsVersion="4.0" xmlns="http://schemas.microsoft.com/developer/msbuild/2003">
  <ItemGroup>
    <Filter Include="src">
      <UniqueIdentifier>{d9faf73b-723a-4afb-b512-914b0ab47a79}</UniqueIdentifier>
    </Filter>
    <Filter Include="src\vendor">
      <UniqueIdentifier>{c26559d6-73c2-4afc-8225-1ec67a180e35}</UniqueIdentifier>
    </Filter>
    <Filter Include="include">
      <UniqueIdentifier>{0a24ff49-d32e-49fa-9f9c-019d9164e4c2}</UniqueIdentifier>
    </Filter>
    <Filter Include="include\vendor">
      <UniqueIdentifier>{a2bb0878-2e8f-4bdc-9611-5bac5aa151cb}</UniqueIdentifier>
    </Filter>
  </ItemGroup>
  <ItemGroup>
    <ClCompile Include="src\EnvAPIServer.cpp">
      <Filter>src</Filter>
    </ClCompile>
    <ClCompile Include="src\ExampleAIModule.cpp">
      <Filter>src</Filter>
    </ClCompile>
    <ClCompile Include="src\CaptureScreen.cpp">
      <Filter>src</Filter>
    </ClCompile>
    <ClCompile Include="src\Dll.cpp">
      <Filter>src</Filter>
    </ClCompile>
    <ClCompile Include="src\vendor\base64.cpp">
      <Filter>src\vendor</Filter>
    </ClCompile>
    <ClCompile Include="src\vendor\jsoncpp.cpp">
      <Filter>src\vendor</Filter>
    </ClCompile>
  </ItemGroup>
  <ItemGroup>
    <ClInclude Include="include\CaptureScreen.h">
      <Filter>include</Filter>
    </ClInclude>
    <ClInclude Include="include\EnvAPIServer.h">
      <Filter>include</Filter>
    </ClInclude>
    <ClInclude Include="include\ExampleAIModule.h">
      <Filter>include</Filter>
    </ClInclude>
    <ClInclude Include="include\vendor\base64.h">
      <Filter>include\vendor</Filter>
    </ClInclude>
    <ClInclude Include="include\vendor\BWAPI.h">
      <Filter>include\vendor</Filter>
    </ClInclude>
    <ClInclude Include="include\vendor\json-forwards.h">
      <Filter>include\vendor</Filter>
    </ClInclude>
    <ClInclude Include="include\vendor\json.h">
      <Filter>include\vendor</Filter>
    </ClInclude>
    <ClInclude Include="include\vendor\storm.h">
      <Filter>include\vendor</Filter>
    </ClInclude>
    <ClInclude Include="include\vendor\zmq.hpp">
      <Filter>include\vendor</Filter>
    </ClInclude>
    <ClInclude Include="include\vendor\zmq_addon.hpp">
      <Filter>include\vendor</Filter>
    </ClInclude>
  </ItemGroup>
</Project>